// !$*UTF8*$!
{
	archiveVersion = 1;
	classes = {
	};
	objectVersion = 46;
	objects = {

/* Begin PBXBuildFile section */
		5C61B3B71956FB82007E8E48 /* CustomCell.swift in Sources */ = {isa = PBXBuildFile; fileRef = 5C61B3B61956FB82007E8E48 /* CustomCell.swift */; };
		5C6739D4195B918B00FD0EBF /* ImageCache.swift in Sources */ = {isa = PBXBuildFile; fileRef = 5C6739D3195B918B00FD0EBF /* ImageCache.swift */; };
		5C721A9319468D6B00EF492E /* AppDelegate.swift in Sources */ = {isa = PBXBuildFile; fileRef = 5C721A9219468D6B00EF492E /* AppDelegate.swift */; };
		5C721A9519468D6B00EF492E /* Images.xcassets in Resources */ = {isa = PBXBuildFile; fileRef = 5C721A9419468D6B00EF492E /* Images.xcassets */; };
		5C721AA119468D6B00EF492E /* SwiftECClientTests.swift in Sources */ = {isa = PBXBuildFile; fileRef = 5C721AA019468D6B00EF492E /* SwiftECClientTests.swift */; };
		5C721AAB19468DE900EF492E /* MasterViewController.swift in Sources */ = {isa = PBXBuildFile; fileRef = 5C721AAA19468DE900EF492E /* MasterViewController.swift */; };
		5C721AAD19468E0100EF492E /* APIRequest.swift in Sources */ = {isa = PBXBuildFile; fileRef = 5C721AAC19468E0100EF492E /* APIRequest.swift */; };
		5C721AAF19468E1000EF492E /* Parser.swift in Sources */ = {isa = PBXBuildFile; fileRef = 5C721AAE19468E1000EF492E /* Parser.swift */; };
		5C721AB11946976500EF492E /* APPID.swift in Sources */ = {isa = PBXBuildFile; fileRef = 5C721AB01946976500EF492E /* APPID.swift */; };
		5C753DB31950F64D0083DC2B /* Util.swift in Sources */ = {isa = PBXBuildFile; fileRef = 5C753DB21950F64D0083DC2B /* Util.swift */; };
		5C8B8D24195EF7050054EA4D /* WebBrowserController.swift in Sources */ = {isa = PBXBuildFile; fileRef = 5C8B8D23195EF7050054EA4D /* WebBrowserController.swift */; };
		5CAFE0FF1960553C00CD9B6F /* UIKit.framework in Frameworks */ = {isa = PBXBuildFile; fileRef = 5CAFE0FE1960553C00CD9B6F /* UIKit.framework */; settings = {ATTRIBUTES = (Weak, ); }; };
		5CAFE1011960558000CD9B6F /* Security.framework in Frameworks */ = {isa = PBXBuildFile; fileRef = 5CAFE1001960558000CD9B6F /* Security.framework */; settings = {ATTRIBUTES = (Weak, ); }; };
		5CAFE103196055BE00CD9B6F /* Foundation.framework in Frameworks */ = {isa = PBXBuildFile; fileRef = 5CAFE102196055BE00CD9B6F /* Foundation.framework */; settings = {ATTRIBUTES = (Weak, ); }; };
/* End PBXBuildFile section */

/* Begin PBXContainerItemProxy section */
		5C721A9B19468D6B00EF492E /* PBXContainerItemProxy */ = {
			isa = PBXContainerItemProxy;
			containerPortal = 5C721A8519468D6B00EF492E /* Project object */;
			proxyType = 1;
			remoteGlobalIDString = 5C721A8C19468D6B00EF492E;
			remoteInfo = SwiftECClient;
		};
/* End PBXContainerItemProxy section */

/* Begin PBXFileReference section */
		5C61B3B61956FB82007E8E48 /* CustomCell.swift */ = {isa = PBXFileReference; fileEncoding = 4; lastKnownFileType = sourcecode.swift; path = CustomCell.swift; sourceTree = "<group>"; };
		5C6739D3195B918B00FD0EBF /* ImageCache.swift */ = {isa = PBXFileReference; fileEncoding = 4; lastKnownFileType = sourcecode.swift; path = ImageCache.swift; sourceTree = "<group>"; };
		5C721A8D19468D6B00EF492E /* SwiftECClient.app */ = {isa = PBXFileReference; explicitFileType = wrapper.application; includeInIndex = 0; path = SwiftECClient.app; sourceTree = BUILT_PRODUCTS_DIR; };
		5C721A9119468D6B00EF492E /* Info.plist */ = {isa = PBXFileReference; lastKnownFileType = text.plist.xml; path = Info.plist; sourceTree = "<group>"; };
		5C721A9219468D6B00EF492E /* AppDelegate.swift */ = {isa = PBXFileReference; lastKnownFileType = sourcecode.swift; path = AppDelegate.swift; sourceTree = "<group>"; };
		5C721A9419468D6B00EF492E /* Images.xcassets */ = {isa = PBXFileReference; lastKnownFileType = folder.assetcatalog; path = Images.xcassets; sourceTree = "<group>"; };
		5C721A9A19468D6B00EF492E /* SwiftECClientTests.xctest */ = {isa = PBXFileReference; explicitFileType = wrapper.cfbundle; includeInIndex = 0; path = SwiftECClientTests.xctest; sourceTree = BUILT_PRODUCTS_DIR; };
		5C721A9F19468D6B00EF492E /* Info.plist */ = {isa = PBXFileReference; lastKnownFileType = text.plist.xml; path = Info.plist; sourceTree = "<group>"; };
		5C721AA019468D6B00EF492E /* SwiftECClientTests.swift */ = {isa = PBXFileReference; lastKnownFileType = sourcecode.swift; path = SwiftECClientTests.swift; sourceTree = "<group>"; };
		5C721AAA19468DE900EF492E /* MasterViewController.swift */ = {isa = PBXFileReference; fileEncoding = 4; lastKnownFileType = sourcecode.swift; path = MasterViewController.swift; sourceTree = "<group>"; };
		5C721AAC19468E0100EF492E /* APIRequest.swift */ = {isa = PBXFileReference; fileEncoding = 4; lastKnownFileType = sourcecode.swift; path = APIRequest.swift; sourceTree = "<group>"; };
		5C721AAE19468E1000EF492E /* Parser.swift */ = {isa = PBXFileReference; fileEncoding = 4; lastKnownFileType = sourcecode.swift; path = Parser.swift; sourceTree = "<group>"; };
		5C721AB01946976500EF492E /* APPID.swift */ = {isa = PBXFileReference; fileEncoding = 4; lastKnownFileType = sourcecode.swift; path = APPID.swift; sourceTree = "<group>"; };
		5C753DB21950F64D0083DC2B /* Util.swift */ = {isa = PBXFileReference; fileEncoding = 4; lastKnownFileType = sourcecode.swift; path = Util.swift; sourceTree = "<group>"; };
		5C8B8D23195EF7050054EA4D /* WebBrowserController.swift */ = {isa = PBXFileReference; fileEncoding = 4; lastKnownFileType = sourcecode.swift; path = WebBrowserController.swift; sourceTree = "<group>"; };
		5CAFE0FE1960553C00CD9B6F /* UIKit.framework */ = {isa = PBXFileReference; lastKnownFileType = wrapper.framework; name = UIKit.framework; path = System/Library/Frameworks/UIKit.framework; sourceTree = SDKROOT; };
		5CAFE1001960558000CD9B6F /* Security.framework */ = {isa = PBXFileReference; lastKnownFileType = wrapper.framework; name = Security.framework; path = System/Library/Frameworks/Security.framework; sourceTree = SDKROOT; };
		5CAFE102196055BE00CD9B6F /* Foundation.framework */ = {isa = PBXFileReference; lastKnownFileType = wrapper.framework; name = Foundation.framework; path = System/Library/Frameworks/Foundation.framework; sourceTree = SDKROOT; };
/* End PBXFileReference section */

/* Begin PBXFrameworksBuildPhase section */
		5C721A8A19468D6B00EF492E /* Frameworks */ = {
			isa = PBXFrameworksBuildPhase;
			buildActionMask = 2147483647;
			files = (
				5CAFE103196055BE00CD9B6F /* Foundation.framework in Frameworks */,
				5CAFE1011960558000CD9B6F /* Security.framework in Frameworks */,
				5CAFE0FF1960553C00CD9B6F /* UIKit.framework in Frameworks */,
			);
			runOnlyForDeploymentPostprocessing = 0;
		};
		5C721A9719468D6B00EF492E /* Frameworks */ = {
			isa = PBXFrameworksBuildPhase;
			buildActionMask = 2147483647;
			files = (
			);
			runOnlyForDeploymentPostprocessing = 0;
		};
/* End PBXFrameworksBuildPhase section */

/* Begin PBXGroup section */
		5C721A8419468D6B00EF492E = {
			isa = PBXGroup;
			children = (
				5C721A8F19468D6B00EF492E /* SwiftECClient */,
				5C721A9D19468D6B00EF492E /* SwiftECClientTests */,
				5C721A8E19468D6B00EF492E /* Products */,
				5CAFE1041960562E00CD9B6F /* Framework */,
			);
			sourceTree = "<group>";
		};
		5C721A8E19468D6B00EF492E /* Products */ = {
			isa = PBXGroup;
			children = (
				5C721A8D19468D6B00EF492E /* SwiftECClient.app */,
				5C721A9A19468D6B00EF492E /* SwiftECClientTests.xctest */,
			);
			name = Products;
			sourceTree = "<group>";
		};
		5C721A8F19468D6B00EF492E /* SwiftECClient */ = {
			isa = PBXGroup;
			children = (
				5C721A9219468D6B00EF492E /* AppDelegate.swift */,
				5C721AAA19468DE900EF492E /* MasterViewController.swift */,
				5C721AAC19468E0100EF492E /* APIRequest.swift */,
				5C721AAE19468E1000EF492E /* Parser.swift */,
				5C721AB01946976500EF492E /* APPID.swift */,
				5C753DB21950F64D0083DC2B /* Util.swift */,
				5C61B3B61956FB82007E8E48 /* CustomCell.swift */,
				5C6739D3195B918B00FD0EBF /* ImageCache.swift */,
				5C8B8D23195EF7050054EA4D /* WebBrowserController.swift */,
				5C721A9419468D6B00EF492E /* Images.xcassets */,
				5C721A9019468D6B00EF492E /* Supporting Files */,
			);
			path = SwiftECClient;
			sourceTree = "<group>";
		};
		5C721A9019468D6B00EF492E /* Supporting Files */ = {
			isa = PBXGroup;
			children = (
				5C721A9119468D6B00EF492E /* Info.plist */,
			);
			name = "Supporting Files";
			sourceTree = "<group>";
		};
		5C721A9D19468D6B00EF492E /* SwiftECClientTests */ = {
			isa = PBXGroup;
			children = (
				5C721AA019468D6B00EF492E /* SwiftECClientTests.swift */,
				5C721A9E19468D6B00EF492E /* Supporting Files */,
			);
			path = SwiftECClientTests;
			sourceTree = "<group>";
		};
		5C721A9E19468D6B00EF492E /* Supporting Files */ = {
			isa = PBXGroup;
			children = (
				5C721A9F19468D6B00EF492E /* Info.plist */,
			);
			name = "Supporting Files";
			sourceTree = "<group>";
		};
		5CAFE1041960562E00CD9B6F /* Framework */ = {
			isa = PBXGroup;
			children = (
				5CAFE102196055BE00CD9B6F /* Foundation.framework */,
				5CAFE1001960558000CD9B6F /* Security.framework */,
				5CAFE0FE1960553C00CD9B6F /* UIKit.framework */,
			);
			path = Framework;
			sourceTree = "<group>";
		};
/* End PBXGroup section */

/* Begin PBXNativeTarget section */
		5C721A8C19468D6B00EF492E /* SwiftECClient */ = {
			isa = PBXNativeTarget;
			buildConfigurationList = 5C721AA419468D6B00EF492E /* Build configuration list for PBXNativeTarget "SwiftECClient" */;
			buildPhases = (
				5C721A8919468D6B00EF492E /* Sources */,
				5C721A8A19468D6B00EF492E /* Frameworks */,
				5C721A8B19468D6B00EF492E /* Resources */,
			);
			buildRules = (
			);
			dependencies = (
			);
			name = SwiftECClient;
			productName = SwiftECClient;
			productReference = 5C721A8D19468D6B00EF492E /* SwiftECClient.app */;
			productType = "com.apple.product-type.application";
		};
		5C721A9919468D6B00EF492E /* SwiftECClientTests */ = {
			isa = PBXNativeTarget;
			buildConfigurationList = 5C721AA719468D6B00EF492E /* Build configuration list for PBXNativeTarget "SwiftECClientTests" */;
			buildPhases = (
				5C721A9619468D6B00EF492E /* Sources */,
				5C721A9719468D6B00EF492E /* Frameworks */,
				5C721A9819468D6B00EF492E /* Resources */,
			);
			buildRules = (
			);
			dependencies = (
				5C721A9C19468D6B00EF492E /* PBXTargetDependency */,
			);
			name = SwiftECClientTests;
			productName = SwiftECClientTests;
			productReference = 5C721A9A19468D6B00EF492E /* SwiftECClientTests.xctest */;
			productType = "com.apple.product-type.bundle.unit-test";
		};
/* End PBXNativeTarget section */

/* Begin PBXProject section */
		5C721A8519468D6B00EF492E /* Project object */ = {
			isa = PBXProject;
			attributes = {
				LastUpgradeCheck = 0600;
				ORGANIZATIONNAME = "naoto yamaguchi";
				TargetAttributes = {
					5C721A8C19468D6B00EF492E = {
						CreatedOnToolsVersion = 6.0;
					};
					5C721A9919468D6B00EF492E = {
						CreatedOnToolsVersion = 6.0;
						TestTargetID = 5C721A8C19468D6B00EF492E;
					};
				};
			};
			buildConfigurationList = 5C721A8819468D6B00EF492E /* Build configuration list for PBXProject "SwiftECClient" */;
			compatibilityVersion = "Xcode 3.2";
			developmentRegion = English;
			hasScannedForEncodings = 0;
			knownRegions = (
				en,
			);
			mainGroup = 5C721A8419468D6B00EF492E;
			productRefGroup = 5C721A8E19468D6B00EF492E /* Products */;
			projectDirPath = "";
			projectRoot = "";
			targets = (
				5C721A8C19468D6B00EF492E /* SwiftECClient */,
				5C721A9919468D6B00EF492E /* SwiftECClientTests */,
			);
		};
/* End PBXProject section */

/* Begin PBXResourcesBuildPhase section */
		5C721A8B19468D6B00EF492E /* Resources */ = {
			isa = PBXResourcesBuildPhase;
			buildActionMask = 2147483647;
			files = (
				5C721A9519468D6B00EF492E /* Images.xcassets in Resources */,
			);
			runOnlyForDeploymentPostprocessing = 0;
		};
		5C721A9819468D6B00EF492E /* Resources */ = {
			isa = PBXResourcesBuildPhase;
			buildActionMask = 2147483647;
			files = (
			);
			runOnlyForDeploymentPostprocessing = 0;
		};
/* End PBXResourcesBuildPhase section */

/* Begin PBXSourcesBuildPhase section */
		5C721A8919468D6B00EF492E /* Sources */ = {
			isa = PBXSourcesBuildPhase;
			buildActionMask = 2147483647;
			files = (
				5C721AAF19468E1000EF492E /* Parser.swift in Sources */,
				5C721AAB19468DE900EF492E /* MasterViewController.swift in Sources */,
				5C6739D4195B918B00FD0EBF /* ImageCache.swift in Sources */,
				5C8B8D24195EF7050054EA4D /* WebBrowserController.swift in Sources */,
				5C721AAD19468E0100EF492E /* APIRequest.swift in Sources */,
				5C721A9319468D6B00EF492E /* AppDelegate.swift in Sources */,
				5C753DB31950F64D0083DC2B /* Util.swift in Sources */,
				5C61B3B71956FB82007E8E48 /* CustomCell.swift in Sources */,
				5C721AB11946976500EF492E /* APPID.swift in Sources */,
			);
			runOnlyForDeploymentPostprocessing = 0;
		};
		5C721A9619468D6B00EF492E /* Sources */ = {
			isa = PBXSourcesBuildPhase;
			buildActionMask = 2147483647;
			files = (
				5C721AA119468D6B00EF492E /* SwiftECClientTests.swift in Sources */,
			);
			runOnlyForDeploymentPostprocessing = 0;
		};
/* End PBXSourcesBuildPhase section */

/* Begin PBXTargetDependency section */
		5C721A9C19468D6B00EF492E /* PBXTargetDependency */ = {
			isa = PBXTargetDependency;
			target = 5C721A8C19468D6B00EF492E /* SwiftECClient */;
			targetProxy = 5C721A9B19468D6B00EF492E /* PBXContainerItemProxy */;
		};
/* End PBXTargetDependency section */

/* Begin XCBuildConfiguration section */
		5C721AA219468D6B00EF492E /* Debug */ = {
			isa = XCBuildConfiguration;
			buildSettings = {
				ALWAYS_SEARCH_USER_PATHS = NO;
				CLANG_CXX_LANGUAGE_STANDARD = "gnu++0x";
				CLANG_CXX_LIBRARY = "libc++";
				CLANG_ENABLE_MODULES = YES;
				CLANG_ENABLE_OBJC_ARC = YES;
				CLANG_WARN_BOOL_CONVERSION = YES;
				CLANG_WARN_CONSTANT_CONVERSION = YES;
				CLANG_WARN_DIRECT_OBJC_ISA_USAGE = YES_ERROR;
				CLANG_WARN_EMPTY_BODY = YES;
				CLANG_WARN_ENUM_CONVERSION = YES;
				CLANG_WARN_INT_CONVERSION = YES;
				CLANG_WARN_OBJC_ROOT_CLASS = YES_ERROR;
				CLANG_WARN_UNREACHABLE_CODE = YES;
				CLANG_WARN__DUPLICATE_METHOD_MATCH = YES;
				"CODE_SIGN_IDENTITY[sdk=iphoneos*]" = "iPhone Developer";
				COPY_PHASE_STRIP = NO;
				ENABLE_STRICT_OBJC_MSGSEND = YES;
				GCC_C_LANGUAGE_STANDARD = gnu99;
				GCC_DYNAMIC_NO_PIC = NO;
				GCC_OPTIMIZATION_LEVEL = 0;
				GCC_PREPROCESSOR_DEFINITIONS = (
					"DEBUG=1",
					"$(inherited)",
				);
				GCC_SYMBOLS_PRIVATE_EXTERN = NO;
				GCC_WARN_64_TO_32_BIT_CONVERSION = YES;
				GCC_WARN_ABOUT_RETURN_TYPE = YES_ERROR;
				GCC_WARN_UNDECLARED_SELECTOR = YES;
				GCC_WARN_UNINITIALIZED_AUTOS = YES_AGGRESSIVE;
				GCC_WARN_UNUSED_FUNCTION = YES;
				GCC_WARN_UNUSED_VARIABLE = YES;
				IPHONEOS_DEPLOYMENT_TARGET = 8.0;
				METAL_ENABLE_DEBUG_INFO = YES;
				ONLY_ACTIVE_ARCH = YES;
				SDKROOT = iphoneos;
				SWIFT_OPTIMIZATION_LEVEL = "-Onone";
			};
			name = Debug;
		};
		5C721AA319468D6B00EF492E /* Release */ = {
			isa = XCBuildConfiguration;
			buildSettings = {
				ALWAYS_SEARCH_USER_PATHS = NO;
				CLANG_CXX_LANGUAGE_STANDARD = "gnu++0x";
				CLANG_CXX_LIBRARY = "libc++";
				CLANG_ENABLE_MODULES = YES;
				CLANG_ENABLE_OBJC_ARC = YES;
				CLANG_WARN_BOOL_CONVERSION = YES;
				CLANG_WARN_CONSTANT_CONVERSION = YES;
				CLANG_WARN_DIRECT_OBJC_ISA_USAGE = YES_ERROR;
				CLANG_WARN_EMPTY_BODY = YES;
				CLANG_WARN_ENUM_CONVERSION = YES;
				CLANG_WARN_INT_CONVERSION = YES;
				CLANG_WARN_OBJC_ROOT_CLASS = YES_ERROR;
				CLANG_WARN_UNREACHABLE_CODE = YES;
				CLANG_WARN__DUPLICATE_METHOD_MATCH = YES;
				"CODE_SIGN_IDENTITY[sdk=iphoneos*]" = "iPhone Developer";
				COPY_PHASE_STRIP = YES;
				ENABLE_NS_ASSERTIONS = NO;
				ENABLE_STRICT_OBJC_MSGSEND = YES;
				GCC_C_LANGUAGE_STANDARD = gnu99;
				GCC_WARN_64_TO_32_BIT_CONVERSION = YES;
				GCC_WARN_ABOUT_RETURN_TYPE = YES_ERROR;
				GCC_WARN_UNDECLARED_SELECTOR = YES;
				GCC_WARN_UNINITIALIZED_AUTOS = YES_AGGRESSIVE;
				GCC_WARN_UNUSED_FUNCTION = YES;
				GCC_WARN_UNUSED_VARIABLE = YES;
				IPHONEOS_DEPLOYMENT_TARGET = 8.0;
				METAL_ENABLE_DEBUG_INFO = NO;
				SDKROOT = iphoneos;
				VALIDATE_PRODUCT = YES;
			};
			name = Release;
		};
		5C721AA519468D6B00EF492E /* Debug */ = {
			isa = XCBuildConfiguration;
			buildSettings = {
				ASSETCATALOG_COMPILER_APPICON_NAME = AppIcon;
				ASSETCATALOG_COMPILER_LAUNCHIMAGE_NAME = LaunchImage;
				INFOPLIST_FILE = SwiftECClient/Info.plist;
				IPHONEOS_DEPLOYMENT_TARGET = 7.1;
				LD_RUNPATH_SEARCH_PATHS = "$(inherited) @executable_path/Frameworks";
				PRODUCT_NAME = "$(TARGET_NAME)";
			};
			name = Debug;
		};
		5C721AA619468D6B00EF492E /* Release */ = {
			isa = XCBuildConfiguration;
			buildSettings = {
				ASSETCATALOG_COMPILER_APPICON_NAME = AppIcon;
				ASSETCATALOG_COMPILER_LAUNCHIMAGE_NAME = LaunchImage;
				INFOPLIST_FILE = SwiftECClient/Info.plist;
				IPHONEOS_DEPLOYMENT_TARGET = 7.1;
				LD_RUNPATH_SEARCH_PATHS = "$(inherited) @executable_path/Frameworks";
				PRODUCT_NAME = "$(TARGET_NAME)";
			};
			name = Release;
		};
		5C721AA819468D6B00EF492E /* Debug */ = {
			isa = XCBuildConfiguration;
			buildSettings = {
				BUNDLE_LOADER = "$(BUILT_PRODUCTS_DIR)/SwiftECClient.app/SwiftECClient";
				FRAMEWORK_SEARCH_PATHS = (
					"$(SDKROOT)/Developer/Library/Frameworks",
					"$(inherited)",
				);
				GCC_PREPROCESSOR_DEFINITIONS = (
					"DEBUG=1",
					"$(inherited)",
				);
				INFOPLIST_FILE = SwiftECClientTests/Info.plist;
				LD_RUNPATH_SEARCH_PATHS = "$(inherited) @executable_path/Frameworks @loader_path/Frameworks";
				METAL_ENABLE_DEBUG_INFO = YES;
				PRODUCT_NAME = "$(TARGET_NAME)";
				TEST_HOST = "$(BUNDLE_LOADER)";
			};
			name = Debug;
		};
		5C721AA919468D6B00EF492E /* Release */ = {
			isa = XCBuildConfiguration;
			buildSettings = {
				BUNDLE_LOADER = "$(BUILT_PRODUCTS_DIR)/SwiftECClient.app/SwiftECClient";
				FRAMEWORK_SEARCH_PATHS = (
					"$(SDKROOT)/Developer/Library/Frameworks",
					"$(inherited)",
				);
				INFOPLIST_FILE = SwiftECClientTests/Info.plist;
				LD_RUNPATH_SEARCH_PATHS = "$(inherited) @executable_path/Frameworks @loader_path/Frameworks";
				METAL_ENABLE_DEBUG_INFO = NO;
				PRODUCT_NAME = "$(TARGET_NAME)";
				TEST_HOST = "$(BUNDLE_LOADER)";
			};
			name = Release;
		};
/* End XCBuildConfiguration section */

/* Begin XCConfigurationList section */
		5C721A8819468D6B00EF492E /* Build configuration list for PBXProject "SwiftECClient" */ = {
			isa = XCConfigurationList;
			buildConfigurations = (
				5C721AA219468D6B00EF492E /* Debug */,
				5C721AA319468D6B00EF492E /* Release */,
			);
			defaultConfigurationIsVisible = 0;
			defaultConfigurationName = Release;
		};
		5C721AA419468D6B00EF492E /* Build configuration list for PBXNativeTarget "SwiftECClient" */ = {
			isa = XCConfigurationList;
			buildConfigurations = (
				5C721AA519468D6B00EF492E /* Debug */,
				5C721AA619468D6B00EF492E /* Release */,
			);
			defaultConfigurationIsVisible = 0;
			defaultConfigurationName = Release;
		};
		5C721AA719468D6B00EF492E /* Build configuration list for PBXNativeTarget "SwiftECClientTests" */ = {
			isa = XCConfigurationList;
			buildConfigurations = (
				5C721AA819468D6B00EF492E /* Debug */,
				5C721AA919468D6B00EF492E /* Release */,
			);
			defaultConfigurationIsVisible = 0;
			defaultConfigurationName = Release;
		};
/* End XCConfigurationList section */
	};
	rootObject = 5C721A8519468D6B00EF492E /* Project object */;
}
